
Microsoft Visual Studio Solution File, Format Version 12.00
# Visual Studio Version 17
VisualStudioVersion = 17.2.32630.192
MinimumVisualStudioVersion = 10.0.40219.1
Project("{9A19103F-16F7-4668-BE54-9A1E7A4F7556}") = "F10Y.L0039.Construction", "F10Y.L0039.Construction\F10Y.L0039.Construction.csproj", "{B7032AEC-151F-4385-808C-043B6A2C8346}"
EndProject
Project("{9A19103F-16F7-4668-BE54-9A1E7A4F7556}") = "F10Y.L0039", "F10Y.L0039\F10Y.L0039.csproj", "{964CF5AB-3418-4BCF-B7D6-A0AF39DED5DE}"
EndProject
Project("{9A19103F-16F7-4668-BE54-9A1E7A4F7556}") = "F10Y.L0039.T000", "F10Y.L0039.T000\F10Y.L0039.T000.csproj", "{2E88D016-ADDC-4B92-A6AE-27147DA05971}"
EndProject
Project("{2150E333-8FDC-42A3-9474-1A3956D46DE8}") = "_Dependencies", "_Dependencies", "{0CC5312C-DED9-4874-9A82-C5AC634FEBCB}"
EndProject
Project("{9A19103F-16F7-4668-BE54-9A1E7A4F7556}") = "F10Y.L0000", "..\..\F10Y.L0000\source\F10Y.L0000\F10Y.L0000.csproj", "{58A9054D-89DE-4092-8266-DB6CB807E87B}"
EndProject
Project("{9A19103F-16F7-4668-BE54-9A1E7A4F7556}") = "F10Y.T0000", "..\..\F10Y.T0000\source\F10Y.T0000\F10Y.T0000.csproj", "{30E2C3C3-D790-4A1A-8E92-0FE09FB22444}"
EndProject
Project("{9A19103F-16F7-4668-BE54-9A1E7A4F7556}") = "F10Y.T0001", "..\..\F10Y.T0001\source\F10Y.T0001\F10Y.T0001.csproj", "{058F8146-83F5-4766-A728-5BDC237347D0}"
EndProject
Project("{9A19103F-16F7-4668-BE54-9A1E7A4F7556}") = "F10Y.T0002", "..\..\F10Y.T0002\source\F10Y.T0002\F10Y.T0002.csproj", "{8363337C-2C3D-481A-9424-6B35D0E49679}"
EndProject
Project("{9A19103F-16F7-4668-BE54-9A1E7A4F7556}") = "F10Y.T0003", "..\..\F10Y.T0003\source\F10Y.T0003\F10Y.T0003.csproj", "{8E132F6F-7E05-4D17-9442-B7BEF7E5C714}"
EndProject
Project("{9A19103F-16F7-4668-BE54-9A1E7A4F7556}") = "F10Y.T0011", "..\..\F10Y.T0011\source\F10Y.T0011\F10Y.T0011.csproj", "{BEB92ADF-3779-4CDD-907D-82BCDEE21CDE}"
EndProject
Project("{9A19103F-16F7-4668-BE54-9A1E7A4F7556}") = "F10Y.Y0000", "..\..\F10Y.Y0000\source\F10Y.Y0000\F10Y.Y0000.csproj", "{24975D22-FD62-4772-9152-A4A0036D047A}"
EndProject
Project("{9A19103F-16F7-4668-BE54-9A1E7A4F7556}") = "F10Y.T0004", "..\..\F10Y.T0004\source\F10Y.T0004\F10Y.T0004.csproj", "{C3731CB8-039A-4731-AEBE-AF77600B6240}"
EndProject
Project("{9A19103F-16F7-4668-BE54-9A1E7A4F7556}") = "F10Y.T0006", "..\..\F10Y.T0006\source\F10Y.T0006\F10Y.T0006.csproj", "{3A1D07B8-4F64-47F7-8F90-2128DF4FAAD1}"
EndProject
Project("{9A19103F-16F7-4668-BE54-9A1E7A4F7556}") = "F10Y.L0001.L000", "..\..\F10Y.L0001\source\F10Y.L0001.L000\F10Y.L0001.L000.csproj", "{A07A5410-4660-4567-A51E-EAE4C5C59245}"
EndProject
Project("{9A19103F-16F7-4668-BE54-9A1E7A4F7556}") = "F10Y.L0001.L001", "..\..\F10Y.L0001\source\F10Y.L0001.L001\F10Y.L0001.L001.csproj", "{E83893E5-F693-4495-A15E-07986FDF69AE}"
EndProject
Project("{9A19103F-16F7-4668-BE54-9A1E7A4F7556}") = "F10Y.L0001.L002", "..\..\F10Y.L0001\source\F10Y.L0001.L002\F10Y.L0001.L002.csproj", "{1B9255D1-908E-4C0A-83F2-27882518EB14}"
EndProject
Project("{9A19103F-16F7-4668-BE54-9A1E7A4F7556}") = "F10Y.L0001.L003", "..\..\F10Y.L0001\source\F10Y.L0001.L003\F10Y.L0001.L003.csproj", "{FD908762-3786-4101-B1AD-064861DCF574}"
EndProject
Project("{9A19103F-16F7-4668-BE54-9A1E7A4F7556}") = "F10Y.L0001.L004", "..\..\F10Y.L0001\source\F10Y.L0001.L004\F10Y.L0001.L004.csproj", "{5DF6ACAD-3ED2-4A96-ABE1-6D0DC49C2BE6}"
EndProject
Project("{9A19103F-16F7-4668-BE54-9A1E7A4F7556}") = "F10Y.L0001.T000", "..\..\F10Y.L0001\source\F10Y.L0001.T000\F10Y.L0001.T000.csproj", "{41978D7F-EDC0-4F7C-A024-24A68D9E6D17}"
EndProject
Project("{9A19103F-16F7-4668-BE54-9A1E7A4F7556}") = "F10Y.L0001.T001", "..\..\F10Y.L0001\source\F10Y.L0001.T001\F10Y.L0001.T001.csproj", "{C26694C7-3F72-4453-801B-E56FFEF77336}"
EndProject
Project("{9A19103F-16F7-4668-BE54-9A1E7A4F7556}") = "F10Y.L0001.X000", "..\..\F10Y.L0001\source\F10Y.L0001.X000\F10Y.L0001.X000.csproj", "{1189F1BE-AD55-469D-9A03-33CD56022801}"
EndProject
Project("{9A19103F-16F7-4668-BE54-9A1E7A4F7556}") = "F10Y.L0001.Z000", "..\..\F10Y.L0001\source\F10Y.L0001.Z000\F10Y.L0001.Z000.csproj", "{5144981E-FCFA-47FE-9854-BF269F5F7B56}"
EndProject
Project("{9A19103F-16F7-4668-BE54-9A1E7A4F7556}") = "F10Y.L0001", "..\..\F10Y.L0001\source\F10Y.L0001\F10Y.L0001.csproj", "{3F5ED7F3-2A32-4325-8558-5BE287956FAC}"
EndProject
Project("{9A19103F-16F7-4668-BE54-9A1E7A4F7556}") = "F10Y.L0004.L000", "..\..\F10Y.L0004\source\F10Y.L0004.L000\F10Y.L0004.L000.csproj", "{6C614174-528B-495B-A827-C43715C8B2A3}"
EndProject
Project("{9A19103F-16F7-4668-BE54-9A1E7A4F7556}") = "F10Y.L0019", "..\..\F10Y.L0019\source\F10Y.L0019\F10Y.L0019.csproj", "{F834DB38-FB7B-40D5-AA57-D2427EBDF63F}"
EndProject
Project("{9A19103F-16F7-4668-BE54-9A1E7A4F7556}") = "F10Y.L0020", "..\..\F10Y.L0020\source\F10Y.L0020\F10Y.L0020.csproj", "{ADC367D6-A73E-4A23-B052-0272A6D3F1A4}"
EndProject
Project("{9A19103F-16F7-4668-BE54-9A1E7A4F7556}") = "F10Y.L0032", "..\..\F10Y.L0032\source\F10Y.L0032\F10Y.L0032.csproj", "{CDBC355F-E6CD-42E4-AB24-0AFE7104861E}"
EndProject
Project("{9A19103F-16F7-4668-BE54-9A1E7A4F7556}") = "F10Y.T0009", "..\..\F10Y.T0009\source\F10Y.T0009\F10Y.T0009.csproj", "{4A0F8D75-DEB0-48C1-8A25-B9FAAD878E0B}"
EndProject
Project("{9A19103F-16F7-4668-BE54-9A1E7A4F7556}") = "F10Y.T0014.T001", "..\..\F10Y.T0014\source\F10Y.T0014.T001\F10Y.T0014.T001.csproj", "{555115DD-0903-414A-8EF3-7D24451A330A}"
EndProject
Project("{9A19103F-16F7-4668-BE54-9A1E7A4F7556}") = "F10Y.T0014.T002", "..\..\F10Y.T0014\source\F10Y.T0014.T002\F10Y.T0014.T002.csproj", "{4B83C6D9-B0E1-410C-B9C8-9F271B78F0F1}"
EndProject
Project("{9A19103F-16F7-4668-BE54-9A1E7A4F7556}") = "F10Y.L0005.L003", "..\..\F10Y.L0005\source\F10Y.L0005.L003\F10Y.L0005.L003.csproj", "{5EF6E5BE-1C27-41F7-AD87-83E0E955E442}"
EndProject
Project("{9A19103F-16F7-4668-BE54-9A1E7A4F7556}") = "F10Y.L0005.T001", "..\..\F10Y.L0005\source\F10Y.L0005.T001\F10Y.L0005.T001.csproj", "{F394EAB0-E711-4C03-8650-FE57E46B88E4}"
EndProject
Project("{2150E333-8FDC-42A3-9474-1A3956D46DE8}") = "Solution Items", "Solution Items", "{02EA681E-C7D8-13C7-8484-4AC65E1B71E8}"
	ProjectSection(SolutionItems) = preProject
		.editorconfig = .editorconfig
	EndProjectSection
EndProject
Project("{9A19103F-16F7-4668-BE54-9A1E7A4F7556}") = "F10Y.L0003.L001", "..\..\F10Y.L0003\source\F10Y.L0003.L001\F10Y.L0003.L001.csproj", "{CE9BAE17-2170-4C39-96F3-AE6D31C7253B}"
EndProject
Global
	GlobalSection(NestedProjects) = preSolution
		{58A9054D-89DE-4092-8266-DB6CB807E87B} = {0CC5312C-DED9-4874-9A82-C5AC634FEBCB}
		{30E2C3C3-D790-4A1A-8E92-0FE09FB22444} = {0CC5312C-DED9-4874-9A82-C5AC634FEBCB}
		{058F8146-83F5-4766-A728-5BDC237347D0} = {0CC5312C-DED9-4874-9A82-C5AC634FEBCB}
		{8363337C-2C3D-481A-9424-6B35D0E49679} = {0CC5312C-DED9-4874-9A82-C5AC634FEBCB}
		{8E132F6F-7E05-4D17-9442-B7BEF7E5C714} = {0CC5312C-DED9-4874-9A82-C5AC634FEBCB}
		{BEB92ADF-3779-4CDD-907D-82BCDEE21CDE} = {0CC5312C-DED9-4874-9A82-C5AC634FEBCB}
		{24975D22-FD62-4772-9152-A4A0036D047A} = {0CC5312C-DED9-4874-9A82-C5AC634FEBCB}
		{C3731CB8-039A-4731-AEBE-AF77600B6240} = {0CC5312C-DED9-4874-9A82-C5AC634FEBCB}
		{3A1D07B8-4F64-47F7-8F90-2128DF4FAAD1} = {0CC5312C-DED9-4874-9A82-C5AC634FEBCB}
		{A07A5410-4660-4567-A51E-EAE4C5C59245} = {0CC5312C-DED9-4874-9A82-C5AC634FEBCB}
		{E83893E5-F693-4495-A15E-07986FDF69AE} = {0CC5312C-DED9-4874-9A82-C5AC634FEBCB}
		{1B9255D1-908E-4C0A-83F2-27882518EB14} = {0CC5312C-DED9-4874-9A82-C5AC634FEBCB}
		{FD908762-3786-4101-B1AD-064861DCF574} = {0CC5312C-DED9-4874-9A82-C5AC634FEBCB}
		{5DF6ACAD-3ED2-4A96-ABE1-6D0DC49C2BE6} = {0CC5312C-DED9-4874-9A82-C5AC634FEBCB}
		{41978D7F-EDC0-4F7C-A024-24A68D9E6D17} = {0CC5312C-DED9-4874-9A82-C5AC634FEBCB}
		{C26694C7-3F72-4453-801B-E56FFEF77336} = {0CC5312C-DED9-4874-9A82-C5AC634FEBCB}
		{1189F1BE-AD55-469D-9A03-33CD56022801} = {0CC5312C-DED9-4874-9A82-C5AC634FEBCB}
		{5144981E-FCFA-47FE-9854-BF269F5F7B56} = {0CC5312C-DED9-4874-9A82-C5AC634FEBCB}
		{3F5ED7F3-2A32-4325-8558-5BE287956FAC} = {0CC5312C-DED9-4874-9A82-C5AC634FEBCB}
		{6C614174-528B-495B-A827-C43715C8B2A3} = {0CC5312C-DED9-4874-9A82-C5AC634FEBCB}
		{F834DB38-FB7B-40D5-AA57-D2427EBDF63F} = {0CC5312C-DED9-4874-9A82-C5AC634FEBCB}
		{ADC367D6-A73E-4A23-B052-0272A6D3F1A4} = {0CC5312C-DED9-4874-9A82-C5AC634FEBCB}
		{CDBC355F-E6CD-42E4-AB24-0AFE7104861E} = {0CC5312C-DED9-4874-9A82-C5AC634FEBCB}
		{4A0F8D75-DEB0-48C1-8A25-B9FAAD878E0B} = {0CC5312C-DED9-4874-9A82-C5AC634FEBCB}
		{555115DD-0903-414A-8EF3-7D24451A330A} = {0CC5312C-DED9-4874-9A82-C5AC634FEBCB}
		{4B83C6D9-B0E1-410C-B9C8-9F271B78F0F1} = {0CC5312C-DED9-4874-9A82-C5AC634FEBCB}
		{5EF6E5BE-1C27-41F7-AD87-83E0E955E442} = {0CC5312C-DED9-4874-9A82-C5AC634FEBCB}
		{F394EAB0-E711-4C03-8650-FE57E46B88E4} = {0CC5312C-DED9-4874-9A82-C5AC634FEBCB}
		{CE9BAE17-2170-4C39-96F3-AE6D31C7253B} = {0CC5312C-DED9-4874-9A82-C5AC634FEBCB}
	EndGlobalSection
	GlobalSection(SolutionConfigurationPlatforms) = preSolution
		Debug|Any CPU = Debug|Any CPU
		Release|Any CPU = Release|Any CPU
	EndGlobalSection
	GlobalSection(ProjectConfigurationPlatforms) = postSolution
		{B7032AEC-151F-4385-808C-043B6A2C8346}.Debug|Any CPU.ActiveCfg = Debug|Any CPU
		{B7032AEC-151F-4385-808C-043B6A2C8346}.Debug|Any CPU.Build.0 = Debug|Any CPU
		{B7032AEC-151F-4385-808C-043B6A2C8346}.Release|Any CPU.ActiveCfg = Release|Any CPU
		{B7032AEC-151F-4385-808C-043B6A2C8346}.Release|Any CPU.Build.0 = Release|Any CPU
		{964CF5AB-3418-4BCF-B7D6-A0AF39DED5DE}.Debug|Any CPU.ActiveCfg = Debug|Any CPU
		{964CF5AB-3418-4BCF-B7D6-A0AF39DED5DE}.Debug|Any CPU.Build.0 = Debug|Any CPU
		{964CF5AB-3418-4BCF-B7D6-A0AF39DED5DE}.Release|Any CPU.ActiveCfg = Release|Any CPU
		{964CF5AB-3418-4BCF-B7D6-A0AF39DED5DE}.Release|Any CPU.Build.0 = Release|Any CPU
		{2E88D016-ADDC-4B92-A6AE-27147DA05971}.Debug|Any CPU.ActiveCfg = Debug|Any CPU
		{2E88D016-ADDC-4B92-A6AE-27147DA05971}.Debug|Any CPU.Build.0 = Debug|Any CPU
		{2E88D016-ADDC-4B92-A6AE-27147DA05971}.Release|Any CPU.ActiveCfg = Release|Any CPU
		{2E88D016-ADDC-4B92-A6AE-27147DA05971}.Release|Any CPU.Build.0 = Release|Any CPU
		{58A9054D-89DE-4092-8266-DB6CB807E87B}.Debug|Any CPU.ActiveCfg = Debug|Any CPU
		{58A9054D-89DE-4092-8266-DB6CB807E87B}.Debug|Any CPU.Build.0 = Debug|Any CPU
		{58A9054D-89DE-4092-8266-DB6CB807E87B}.Release|Any CPU.ActiveCfg = Release|Any CPU
		{58A9054D-89DE-4092-8266-DB6CB807E87B}.Release|Any CPU.Build.0 = Release|Any CPU
		{30E2C3C3-D790-4A1A-8E92-0FE09FB22444}.Debug|Any CPU.ActiveCfg = Debug|Any CPU
		{30E2C3C3-D790-4A1A-8E92-0FE09FB22444}.Debug|Any CPU.Build.0 = Debug|Any CPU
		{30E2C3C3-D790-4A1A-8E92-0FE09FB22444}.Release|Any CPU.ActiveCfg = Release|Any CPU
		{30E2C3C3-D790-4A1A-8E92-0FE09FB22444}.Release|Any CPU.Build.0 = Release|Any CPU
		{058F8146-83F5-4766-A728-5BDC237347D0}.Debug|Any CPU.ActiveCfg = Debug|Any CPU
		{058F8146-83F5-4766-A728-5BDC237347D0}.Debug|Any CPU.Build.0 = Debug|Any CPU
		{058F8146-83F5-4766-A728-5BDC237347D0}.Release|Any CPU.ActiveCfg = Release|Any CPU
		{058F8146-83F5-4766-A728-5BDC237347D0}.Release|Any CPU.Build.0 = Release|Any CPU
		{8363337C-2C3D-481A-9424-6B35D0E49679}.Debug|Any CPU.ActiveCfg = Debug|Any CPU
		{8363337C-2C3D-481A-9424-6B35D0E49679}.Debug|Any CPU.Build.0 = Debug|Any CPU
		{8363337C-2C3D-481A-9424-6B35D0E49679}.Release|Any CPU.ActiveCfg = Release|Any CPU
		{8363337C-2C3D-481A-9424-6B35D0E49679}.Release|Any CPU.Build.0 = Release|Any CPU
		{8E132F6F-7E05-4D17-9442-B7BEF7E5C714}.Debug|Any CPU.ActiveCfg = Debug|Any CPU
		{8E132F6F-7E05-4D17-9442-B7BEF7E5C714}.Debug|Any CPU.Build.0 = Debug|Any CPU
		{8E132F6F-7E05-4D17-9442-B7BEF7E5C714}.Release|Any CPU.ActiveCfg = Release|Any CPU
		{8E132F6F-7E05-4D17-9442-B7BEF7E5C714}.Release|Any CPU.Build.0 = Release|Any CPU
		{BEB92ADF-3779-4CDD-907D-82BCDEE21CDE}.Debug|Any CPU.ActiveCfg = Debug|Any CPU
		{BEB92ADF-3779-4CDD-907D-82BCDEE21CDE}.Debug|Any CPU.Build.0 = Debug|Any CPU
		{BEB92ADF-3779-4CDD-907D-82BCDEE21CDE}.Release|Any CPU.ActiveCfg = Release|Any CPU
		{BEB92ADF-3779-4CDD-907D-82BCDEE21CDE}.Release|Any CPU.Build.0 = Release|Any CPU
		{24975D22-FD62-4772-9152-A4A0036D047A}.Debug|Any CPU.ActiveCfg = Debug|Any CPU
		{24975D22-FD62-4772-9152-A4A0036D047A}.Debug|Any CPU.Build.0 = Debug|Any CPU
		{24975D22-FD62-4772-9152-A4A0036D047A}.Release|Any CPU.ActiveCfg = Release|Any CPU
		{24975D22-FD62-4772-9152-A4A0036D047A}.Release|Any CPU.Build.0 = Release|Any CPU
		{C3731CB8-039A-4731-AEBE-AF77600B6240}.Debug|Any CPU.ActiveCfg = Debug|Any CPU
		{C3731CB8-039A-4731-AEBE-AF77600B6240}.Debug|Any CPU.Build.0 = Debug|Any CPU
		{C3731CB8-039A-4731-AEBE-AF77600B6240}.Release|Any CPU.ActiveCfg = Release|Any CPU
		{C3731CB8-039A-4731-AEBE-AF77600B6240}.Release|Any CPU.Build.0 = Release|Any CPU
		{3A1D07B8-4F64-47F7-8F90-2128DF4FAAD1}.Debug|Any CPU.ActiveCfg = Debug|Any CPU
		{3A1D07B8-4F64-47F7-8F90-2128DF4FAAD1}.Debug|Any CPU.Build.0 = Debug|Any CPU
		{3A1D07B8-4F64-47F7-8F90-2128DF4FAAD1}.Release|Any CPU.ActiveCfg = Release|Any CPU
		{3A1D07B8-4F64-47F7-8F90-2128DF4FAAD1}.Release|Any CPU.Build.0 = Release|Any CPU
		{A07A5410-4660-4567-A51E-EAE4C5C59245}.Debug|Any CPU.ActiveCfg = Debug|Any CPU
		{A07A5410-4660-4567-A51E-EAE4C5C59245}.Debug|Any CPU.Build.0 = Debug|Any CPU
		{A07A5410-4660-4567-A51E-EAE4C5C59245}.Release|Any CPU.ActiveCfg = Release|Any CPU
		{A07A5410-4660-4567-A51E-EAE4C5C59245}.Release|Any CPU.Build.0 = Release|Any CPU
		{E83893E5-F693-4495-A15E-07986FDF69AE}.Debug|Any CPU.ActiveCfg = Debug|Any CPU
		{E83893E5-F693-4495-A15E-07986FDF69AE}.Debug|Any CPU.Build.0 = Debug|Any CPU
		{E83893E5-F693-4495-A15E-07986FDF69AE}.Release|Any CPU.ActiveCfg = Release|Any CPU
		{E83893E5-F693-4495-A15E-07986FDF69AE}.Release|Any CPU.Build.0 = Release|Any CPU
		{1B9255D1-908E-4C0A-83F2-27882518EB14}.Debug|Any CPU.ActiveCfg = Debug|Any CPU
		{1B9255D1-908E-4C0A-83F2-27882518EB14}.Debug|Any CPU.Build.0 = Debug|Any CPU
		{1B9255D1-908E-4C0A-83F2-27882518EB14}.Release|Any CPU.ActiveCfg = Release|Any CPU
		{1B9255D1-908E-4C0A-83F2-27882518EB14}.Release|Any CPU.Build.0 = Release|Any CPU
		{FD908762-3786-4101-B1AD-064861DCF574}.Debug|Any CPU.ActiveCfg = Debug|Any CPU
		{FD908762-3786-4101-B1AD-064861DCF574}.Debug|Any CPU.Build.0 = Debug|Any CPU
		{FD908762-3786-4101-B1AD-064861DCF574}.Release|Any CPU.ActiveCfg = Release|Any CPU
		{FD908762-3786-4101-B1AD-064861DCF574}.Release|Any CPU.Build.0 = Release|Any CPU
		{5DF6ACAD-3ED2-4A96-ABE1-6D0DC49C2BE6}.Debug|Any CPU.ActiveCfg = Debug|Any CPU
		{5DF6ACAD-3ED2-4A96-ABE1-6D0DC49C2BE6}.Debug|Any CPU.Build.0 = Debug|Any CPU
		{5DF6ACAD-3ED2-4A96-ABE1-6D0DC49C2BE6}.Release|Any CPU.ActiveCfg = Release|Any CPU
		{5DF6ACAD-3ED2-4A96-ABE1-6D0DC49C2BE6}.Release|Any CPU.Build.0 = Release|Any CPU
		{41978D7F-EDC0-4F7C-A024-24A68D9E6D17}.Debug|Any CPU.ActiveCfg = Debug|Any CPU
		{41978D7F-EDC0-4F7C-A024-24A68D9E6D17}.Debug|Any CPU.Build.0 = Debug|Any CPU
		{41978D7F-EDC0-4F7C-A024-24A68D9E6D17}.Release|Any CPU.ActiveCfg = Release|Any CPU
		{41978D7F-EDC0-4F7C-A024-24A68D9E6D17}.Release|Any CPU.Build.0 = Release|Any CPU
		{C26694C7-3F72-4453-801B-E56FFEF77336}.Debug|Any CPU.ActiveCfg = Debug|Any CPU
		{C26694C7-3F72-4453-801B-E56FFEF77336}.Debug|Any CPU.Build.0 = Debug|Any CPU
		{C26694C7-3F72-4453-801B-E56FFEF77336}.Release|Any CPU.ActiveCfg = Release|Any CPU
		{C26694C7-3F72-4453-801B-E56FFEF77336}.Release|Any CPU.Build.0 = Release|Any CPU
		{1189F1BE-AD55-469D-9A03-33CD56022801}.Debug|Any CPU.ActiveCfg = Debug|Any CPU
		{1189F1BE-AD55-469D-9A03-33CD56022801}.Debug|Any CPU.Build.0 = Debug|Any CPU
		{1189F1BE-AD55-469D-9A03-33CD56022801}.Release|Any CPU.ActiveCfg = Release|Any CPU
		{1189F1BE-AD55-469D-9A03-33CD56022801}.Release|Any CPU.Build.0 = Release|Any CPU
		{5144981E-FCFA-47FE-9854-BF269F5F7B56}.Debug|Any CPU.ActiveCfg = Debug|Any CPU
		{5144981E-FCFA-47FE-9854-BF269F5F7B56}.Debug|Any CPU.Build.0 = Debug|Any CPU
		{5144981E-FCFA-47FE-9854-BF269F5F7B56}.Release|Any CPU.ActiveCfg = Release|Any CPU
		{5144981E-FCFA-47FE-9854-BF269F5F7B56}.Release|Any CPU.Build.0 = Release|Any CPU
		{3F5ED7F3-2A32-4325-8558-5BE287956FAC}.Debug|Any CPU.ActiveCfg = Debug|Any CPU
		{3F5ED7F3-2A32-4325-8558-5BE287956FAC}.Debug|Any CPU.Build.0 = Debug|Any CPU
		{3F5ED7F3-2A32-4325-8558-5BE287956FAC}.Release|Any CPU.ActiveCfg = Release|Any CPU
		{3F5ED7F3-2A32-4325-8558-5BE287956FAC}.Release|Any CPU.Build.0 = Release|Any CPU
		{6C614174-528B-495B-A827-C43715C8B2A3}.Debug|Any CPU.ActiveCfg = Debug|Any CPU
		{6C614174-528B-495B-A827-C43715C8B2A3}.Debug|Any CPU.Build.0 = Debug|Any CPU
		{6C614174-528B-495B-A827-C43715C8B2A3}.Release|Any CPU.ActiveCfg = Release|Any CPU
		{6C614174-528B-495B-A827-C43715C8B2A3}.Release|Any CPU.Build.0 = Release|Any CPU
		{F834DB38-FB7B-40D5-AA57-D2427EBDF63F}.Debug|Any CPU.ActiveCfg = Debug|Any CPU
		{F834DB38-FB7B-40D5-AA57-D2427EBDF63F}.Debug|Any CPU.Build.0 = Debug|Any CPU
		{F834DB38-FB7B-40D5-AA57-D2427EBDF63F}.Release|Any CPU.ActiveCfg = Release|Any CPU
		{F834DB38-FB7B-40D5-AA57-D2427EBDF63F}.Release|Any CPU.Build.0 = Release|Any CPU
		{ADC367D6-A73E-4A23-B052-0272A6D3F1A4}.Debug|Any CPU.ActiveCfg = Debug|Any CPU
		{ADC367D6-A73E-4A23-B052-0272A6D3F1A4}.Debug|Any CPU.Build.0 = Debug|Any CPU
		{ADC367D6-A73E-4A23-B052-0272A6D3F1A4}.Release|Any CPU.ActiveCfg = Release|Any CPU
		{ADC367D6-A73E-4A23-B052-0272A6D3F1A4}.Release|Any CPU.Build.0 = Release|Any CPU
		{CDBC355F-E6CD-42E4-AB24-0AFE7104861E}.Debug|Any CPU.ActiveCfg = Debug|Any CPU
		{CDBC355F-E6CD-42E4-AB24-0AFE7104861E}.Debug|Any CPU.Build.0 = Debug|Any CPU
		{CDBC355F-E6CD-42E4-AB24-0AFE7104861E}.Release|Any CPU.ActiveCfg = Release|Any CPU
		{CDBC355F-E6CD-42E4-AB24-0AFE7104861E}.Release|Any CPU.Build.0 = Release|Any CPU
		{4A0F8D75-DEB0-48C1-8A25-B9FAAD878E0B}.Debug|Any CPU.ActiveCfg = Debug|Any CPU
		{4A0F8D75-DEB0-48C1-8A25-B9FAAD878E0B}.Debug|Any CPU.Build.0 = Debug|Any CPU
		{4A0F8D75-DEB0-48C1-8A25-B9FAAD878E0B}.Release|Any CPU.ActiveCfg = Release|Any CPU
		{4A0F8D75-DEB0-48C1-8A25-B9FAAD878E0B}.Release|Any CPU.Build.0 = Release|Any CPU
		{555115DD-0903-414A-8EF3-7D24451A330A}.Debug|Any CPU.ActiveCfg = Debug|Any CPU
		{555115DD-0903-414A-8EF3-7D24451A330A}.Debug|Any CPU.Build.0 = Debug|Any CPU
		{555115DD-0903-414A-8EF3-7D24451A330A}.Release|Any CPU.ActiveCfg = Release|Any CPU
		{555115DD-0903-414A-8EF3-7D24451A330A}.Release|Any CPU.Build.0 = Release|Any CPU
		{4B83C6D9-B0E1-410C-B9C8-9F271B78F0F1}.Debug|Any CPU.ActiveCfg = Debug|Any CPU
		{4B83C6D9-B0E1-410C-B9C8-9F271B78F0F1}.Debug|Any CPU.Build.0 = Debug|Any CPU
		{4B83C6D9-B0E1-410C-B9C8-9F271B78F0F1}.Release|Any CPU.ActiveCfg = Release|Any CPU
		{4B83C6D9-B0E1-410C-B9C8-9F271B78F0F1}.Release|Any CPU.Build.0 = Release|Any CPU
		{5EF6E5BE-1C27-41F7-AD87-83E0E955E442}.Debug|Any CPU.ActiveCfg = Debug|Any CPU
		{5EF6E5BE-1C27-41F7-AD87-83E0E955E442}.Debug|Any CPU.Build.0 = Debug|Any CPU
		{5EF6E5BE-1C27-41F7-AD87-83E0E955E442}.Release|Any CPU.ActiveCfg = Release|Any CPU
		{5EF6E5BE-1C27-41F7-AD87-83E0E955E442}.Release|Any CPU.Build.0 = Release|Any CPU
		{F394EAB0-E711-4C03-8650-FE57E46B88E4}.Debug|Any CPU.ActiveCfg = Debug|Any CPU
		{F394EAB0-E711-4C03-8650-FE57E46B88E4}.Debug|Any CPU.Build.0 = Debug|Any CPU
		{F394EAB0-E711-4C03-8650-FE57E46B88E4}.Release|Any CPU.ActiveCfg = Release|Any CPU
		{F394EAB0-E711-4C03-8650-FE57E46B88E4}.Release|Any CPU.Build.0 = Release|Any CPU
		{CE9BAE17-2170-4C39-96F3-AE6D31C7253B}.Debug|Any CPU.ActiveCfg = Debug|Any CPU
		{CE9BAE17-2170-4C39-96F3-AE6D31C7253B}.Debug|Any CPU.Build.0 = Debug|Any CPU
		{CE9BAE17-2170-4C39-96F3-AE6D31C7253B}.Release|Any CPU.ActiveCfg = Release|Any CPU
		{CE9BAE17-2170-4C39-96F3-AE6D31C7253B}.Release|Any CPU.Build.0 = Release|Any CPU
	EndGlobalSection
	GlobalSection(SolutionProperties) = preSolution
		HideSolutionNode = FALSE
	EndGlobalSection
	GlobalSection(ExtensibilityGlobals) = postSolution
		SolutionGuid = {24E13270-BCE9-46DB-905D-874A1CA5EBDF}
	EndGlobalSection
EndGlobal
