
Microsoft Visual Studio Solution File, Format Version 12.00
# Visual Studio Version 17
VisualStudioVersion = 17.2.32630.192
MinimumVisualStudioVersion = 10.0.40219.1
Project("{9A19103F-16F7-4668-BE54-9A1E7A4F7556}") = "F10Y.L0039.Construction", "F10Y.L0039.Construction\F10Y.L0039.Construction.csproj", "{B7032AEC-151F-4385-808C-043B6A2C8346}"
EndProject
Project("{9A19103F-16F7-4668-BE54-9A1E7A4F7556}") = "F10Y.L0039", "F10Y.L0039\F10Y.L0039.csproj", "{964CF5AB-3418-4BCF-B7D6-A0AF39DED5DE}"
EndProject
Global
	GlobalSection(SolutionConfigurationPlatforms) = preSolution
		Debug|Any CPU = Debug|Any CPU
		Release|Any CPU = Release|Any CPU
	EndGlobalSection
	GlobalSection(ProjectConfigurationPlatforms) = postSolution
		{B7032AEC-151F-4385-808C-043B6A2C8346}.Debug|Any CPU.ActiveCfg = Debug|Any CPU
		{B7032AEC-151F-4385-808C-043B6A2C8346}.Debug|Any CPU.Build.0 = Debug|Any CPU
		{B7032AEC-151F-4385-808C-043B6A2C8346}.Release|Any CPU.ActiveCfg = Release|Any CPU
		{B7032AEC-151F-4385-808C-043B6A2C8346}.Release|Any CPU.Build.0 = Release|Any CPU
		{964CF5AB-3418-4BCF-B7D6-A0AF39DED5DE}.Debug|Any CPU.ActiveCfg = Debug|Any CPU
		{964CF5AB-3418-4BCF-B7D6-A0AF39DED5DE}.Debug|Any CPU.Build.0 = Debug|Any CPU
		{964CF5AB-3418-4BCF-B7D6-A0AF39DED5DE}.Release|Any CPU.ActiveCfg = Release|Any CPU
		{964CF5AB-3418-4BCF-B7D6-A0AF39DED5DE}.Release|Any CPU.Build.0 = Release|Any CPU
	EndGlobalSection
	GlobalSection(SolutionProperties) = preSolution
		HideSolutionNode = FALSE
	EndGlobalSection
	GlobalSection(ExtensibilityGlobals) = postSolution
		SolutionGuid = {24E13270-BCE9-46DB-905D-874A1CA5EBDF}
	EndGlobalSection
EndGlobal
