
Microsoft Visual Studio Solution File, Format Version 12.00
# Visual Studio Version 17
VisualStudioVersion = 17.2.32630.192
MinimumVisualStudioVersion = 10.0.40219.1
Project("{9A19103F-16F7-4668-BE54-9A1E7A4F7556}") = "F10Y.L0039", "F10Y.L0039\F10Y.L0039.csproj", "{1FBB07FC-BB7A-4CB6-B9A2-44CC65EC46C8}"
EndProject
Project("{2150E333-8FDC-42A3-9474-1A3956D46DE8}") = "_Dependencies", "_Dependencies", "{B8DB28D5-57B0-41EA-9C76-6CCF6271A7EC}"
EndProject
Project("{9A19103F-16F7-4668-BE54-9A1E7A4F7556}") = "F10Y.L0000", "..\..\F10Y.L0000\source\F10Y.L0000\F10Y.L0000.csproj", "{9E17697C-C29B-4BC1-A425-E16A60DC6F64}"
EndProject
Project("{9A19103F-16F7-4668-BE54-9A1E7A4F7556}") = "F10Y.L0005.L003", "..\..\F10Y.L0005\source\F10Y.L0005.L003\F10Y.L0005.L003.csproj", "{65A86405-C132-409B-9AC8-9EF2DF3BE278}"
EndProject
Project("{9A19103F-16F7-4668-BE54-9A1E7A4F7556}") = "F10Y.L0005.T001", "..\..\F10Y.L0005\source\F10Y.L0005.T001\F10Y.L0005.T001.csproj", "{F5AFCDF2-9770-4183-872E-CA0ADFE52CFE}"
EndProject
Project("{9A19103F-16F7-4668-BE54-9A1E7A4F7556}") = "F10Y.L0039.T000", "F10Y.L0039.T000\F10Y.L0039.T000.csproj", "{762EF77E-1B28-4C62-AB06-EE541B87B52E}"
EndProject
Project("{9A19103F-16F7-4668-BE54-9A1E7A4F7556}") = "F10Y.T0000", "..\..\F10Y.T0000\source\F10Y.T0000\F10Y.T0000.csproj", "{4B07765E-FF0C-41C7-BCA6-D4A18ECC7163}"
EndProject
Project("{9A19103F-16F7-4668-BE54-9A1E7A4F7556}") = "F10Y.T0001", "..\..\F10Y.T0001\source\F10Y.T0001\F10Y.T0001.csproj", "{5FBA0B68-7617-4981-841E-421BCE73F9BA}"
EndProject
Project("{9A19103F-16F7-4668-BE54-9A1E7A4F7556}") = "F10Y.T0002", "..\..\F10Y.T0002\source\F10Y.T0002\F10Y.T0002.csproj", "{5A93CCC5-8BCD-4852-8C28-1216626780C6}"
EndProject
Project("{9A19103F-16F7-4668-BE54-9A1E7A4F7556}") = "F10Y.T0003", "..\..\F10Y.T0003\source\F10Y.T0003\F10Y.T0003.csproj", "{E5D6B65D-4669-45F2-AC2C-88E775CB8E95}"
EndProject
Project("{9A19103F-16F7-4668-BE54-9A1E7A4F7556}") = "F10Y.T0004", "..\..\F10Y.T0004\source\F10Y.T0004\F10Y.T0004.csproj", "{C482AF5E-B6D0-4AC4-B138-B41E9C9DC206}"
EndProject
Project("{9A19103F-16F7-4668-BE54-9A1E7A4F7556}") = "F10Y.T0009", "..\..\F10Y.T0009\source\F10Y.T0009\F10Y.T0009.csproj", "{EB9D44E5-1E77-4F34-92A5-49EB54641870}"
EndProject
Project("{9A19103F-16F7-4668-BE54-9A1E7A4F7556}") = "F10Y.T0011", "..\..\F10Y.T0011\source\F10Y.T0011\F10Y.T0011.csproj", "{1FD3A50A-29DB-461D-872E-6C9EC83AC2D3}"
EndProject
Project("{9A19103F-16F7-4668-BE54-9A1E7A4F7556}") = "F10Y.Y0000", "..\..\F10Y.Y0000\source\F10Y.Y0000\F10Y.Y0000.csproj", "{6091FAC2-9F2E-48B2-9DF8-F12A0573C5CF}"
EndProject
Project("{9A19103F-16F7-4668-BE54-9A1E7A4F7556}") = "F10Y.L0001.T000", "..\..\F10Y.L0001\source\F10Y.L0001.T000\F10Y.L0001.T000.csproj", "{47A82A30-7C79-4536-98BD-0383A4A57BDB}"
EndProject
Project("{9A19103F-16F7-4668-BE54-9A1E7A4F7556}") = "F10Y.L0001.L000", "..\..\F10Y.L0001\source\F10Y.L0001.L000\F10Y.L0001.L000.csproj", "{65A58648-B4A7-4BBD-9D93-0CBAA862A990}"
EndProject
Project("{9A19103F-16F7-4668-BE54-9A1E7A4F7556}") = "F10Y.L0001.L004", "..\..\F10Y.L0001\source\F10Y.L0001.L004\F10Y.L0001.L004.csproj", "{E7DC1D1F-3FCA-4992-9250-58B9878D4880}"
EndProject
Project("{9A19103F-16F7-4668-BE54-9A1E7A4F7556}") = "F10Y.L0001.X000", "..\..\F10Y.L0001\source\F10Y.L0001.X000\F10Y.L0001.X000.csproj", "{1861DD52-758B-481A-8087-50404B711E21}"
EndProject
Project("{9A19103F-16F7-4668-BE54-9A1E7A4F7556}") = "F10Y.L0001.Z000", "..\..\F10Y.L0001\source\F10Y.L0001.Z000\F10Y.L0001.Z000.csproj", "{75537D25-D75B-404F-8CCF-70A7CC855C8D}"
EndProject
Project("{9A19103F-16F7-4668-BE54-9A1E7A4F7556}") = "F10Y.L0003.L001", "..\..\F10Y.L0003\source\F10Y.L0003.L001\F10Y.L0003.L001.csproj", "{AC739778-A387-4BC9-BE7F-FD58B0DD0208}"
EndProject
Global
	GlobalSection(NestedProjects) = preSolution
		{9E17697C-C29B-4BC1-A425-E16A60DC6F64} = {B8DB28D5-57B0-41EA-9C76-6CCF6271A7EC}
		{65A86405-C132-409B-9AC8-9EF2DF3BE278} = {B8DB28D5-57B0-41EA-9C76-6CCF6271A7EC}
		{F5AFCDF2-9770-4183-872E-CA0ADFE52CFE} = {B8DB28D5-57B0-41EA-9C76-6CCF6271A7EC}
		{762EF77E-1B28-4C62-AB06-EE541B87B52E} = {B8DB28D5-57B0-41EA-9C76-6CCF6271A7EC}
		{4B07765E-FF0C-41C7-BCA6-D4A18ECC7163} = {B8DB28D5-57B0-41EA-9C76-6CCF6271A7EC}
		{5FBA0B68-7617-4981-841E-421BCE73F9BA} = {B8DB28D5-57B0-41EA-9C76-6CCF6271A7EC}
		{5A93CCC5-8BCD-4852-8C28-1216626780C6} = {B8DB28D5-57B0-41EA-9C76-6CCF6271A7EC}
		{E5D6B65D-4669-45F2-AC2C-88E775CB8E95} = {B8DB28D5-57B0-41EA-9C76-6CCF6271A7EC}
		{C482AF5E-B6D0-4AC4-B138-B41E9C9DC206} = {B8DB28D5-57B0-41EA-9C76-6CCF6271A7EC}
		{EB9D44E5-1E77-4F34-92A5-49EB54641870} = {B8DB28D5-57B0-41EA-9C76-6CCF6271A7EC}
		{1FD3A50A-29DB-461D-872E-6C9EC83AC2D3} = {B8DB28D5-57B0-41EA-9C76-6CCF6271A7EC}
		{6091FAC2-9F2E-48B2-9DF8-F12A0573C5CF} = {B8DB28D5-57B0-41EA-9C76-6CCF6271A7EC}
		{47A82A30-7C79-4536-98BD-0383A4A57BDB} = {B8DB28D5-57B0-41EA-9C76-6CCF6271A7EC}
		{65A58648-B4A7-4BBD-9D93-0CBAA862A990} = {B8DB28D5-57B0-41EA-9C76-6CCF6271A7EC}
		{E7DC1D1F-3FCA-4992-9250-58B9878D4880} = {B8DB28D5-57B0-41EA-9C76-6CCF6271A7EC}
		{1861DD52-758B-481A-8087-50404B711E21} = {B8DB28D5-57B0-41EA-9C76-6CCF6271A7EC}
		{75537D25-D75B-404F-8CCF-70A7CC855C8D} = {B8DB28D5-57B0-41EA-9C76-6CCF6271A7EC}
		{AC739778-A387-4BC9-BE7F-FD58B0DD0208} = {B8DB28D5-57B0-41EA-9C76-6CCF6271A7EC}
	EndGlobalSection
	GlobalSection(SolutionConfigurationPlatforms) = preSolution
		Debug|Any CPU = Debug|Any CPU
		Release|Any CPU = Release|Any CPU
	EndGlobalSection
	GlobalSection(ProjectConfigurationPlatforms) = postSolution
		{1FBB07FC-BB7A-4CB6-B9A2-44CC65EC46C8}.Debug|Any CPU.ActiveCfg = Debug|Any CPU
		{1FBB07FC-BB7A-4CB6-B9A2-44CC65EC46C8}.Debug|Any CPU.Build.0 = Debug|Any CPU
		{1FBB07FC-BB7A-4CB6-B9A2-44CC65EC46C8}.Release|Any CPU.ActiveCfg = Release|Any CPU
		{1FBB07FC-BB7A-4CB6-B9A2-44CC65EC46C8}.Release|Any CPU.Build.0 = Release|Any CPU
		{9E17697C-C29B-4BC1-A425-E16A60DC6F64}.Debug|Any CPU.ActiveCfg = Debug|Any CPU
		{9E17697C-C29B-4BC1-A425-E16A60DC6F64}.Debug|Any CPU.Build.0 = Debug|Any CPU
		{9E17697C-C29B-4BC1-A425-E16A60DC6F64}.Release|Any CPU.ActiveCfg = Release|Any CPU
		{9E17697C-C29B-4BC1-A425-E16A60DC6F64}.Release|Any CPU.Build.0 = Release|Any CPU
		{65A86405-C132-409B-9AC8-9EF2DF3BE278}.Debug|Any CPU.ActiveCfg = Debug|Any CPU
		{65A86405-C132-409B-9AC8-9EF2DF3BE278}.Debug|Any CPU.Build.0 = Debug|Any CPU
		{65A86405-C132-409B-9AC8-9EF2DF3BE278}.Release|Any CPU.ActiveCfg = Release|Any CPU
		{65A86405-C132-409B-9AC8-9EF2DF3BE278}.Release|Any CPU.Build.0 = Release|Any CPU
		{F5AFCDF2-9770-4183-872E-CA0ADFE52CFE}.Debug|Any CPU.ActiveCfg = Debug|Any CPU
		{F5AFCDF2-9770-4183-872E-CA0ADFE52CFE}.Debug|Any CPU.Build.0 = Debug|Any CPU
		{F5AFCDF2-9770-4183-872E-CA0ADFE52CFE}.Release|Any CPU.ActiveCfg = Release|Any CPU
		{F5AFCDF2-9770-4183-872E-CA0ADFE52CFE}.Release|Any CPU.Build.0 = Release|Any CPU
		{762EF77E-1B28-4C62-AB06-EE541B87B52E}.Debug|Any CPU.ActiveCfg = Debug|Any CPU
		{762EF77E-1B28-4C62-AB06-EE541B87B52E}.Debug|Any CPU.Build.0 = Debug|Any CPU
		{762EF77E-1B28-4C62-AB06-EE541B87B52E}.Release|Any CPU.ActiveCfg = Release|Any CPU
		{762EF77E-1B28-4C62-AB06-EE541B87B52E}.Release|Any CPU.Build.0 = Release|Any CPU
		{4B07765E-FF0C-41C7-BCA6-D4A18ECC7163}.Debug|Any CPU.ActiveCfg = Debug|Any CPU
		{4B07765E-FF0C-41C7-BCA6-D4A18ECC7163}.Debug|Any CPU.Build.0 = Debug|Any CPU
		{4B07765E-FF0C-41C7-BCA6-D4A18ECC7163}.Release|Any CPU.ActiveCfg = Release|Any CPU
		{4B07765E-FF0C-41C7-BCA6-D4A18ECC7163}.Release|Any CPU.Build.0 = Release|Any CPU
		{5FBA0B68-7617-4981-841E-421BCE73F9BA}.Debug|Any CPU.ActiveCfg = Debug|Any CPU
		{5FBA0B68-7617-4981-841E-421BCE73F9BA}.Debug|Any CPU.Build.0 = Debug|Any CPU
		{5FBA0B68-7617-4981-841E-421BCE73F9BA}.Release|Any CPU.ActiveCfg = Release|Any CPU
		{5FBA0B68-7617-4981-841E-421BCE73F9BA}.Release|Any CPU.Build.0 = Release|Any CPU
		{5A93CCC5-8BCD-4852-8C28-1216626780C6}.Debug|Any CPU.ActiveCfg = Debug|Any CPU
		{5A93CCC5-8BCD-4852-8C28-1216626780C6}.Debug|Any CPU.Build.0 = Debug|Any CPU
		{5A93CCC5-8BCD-4852-8C28-1216626780C6}.Release|Any CPU.ActiveCfg = Release|Any CPU
		{5A93CCC5-8BCD-4852-8C28-1216626780C6}.Release|Any CPU.Build.0 = Release|Any CPU
		{E5D6B65D-4669-45F2-AC2C-88E775CB8E95}.Debug|Any CPU.ActiveCfg = Debug|Any CPU
		{E5D6B65D-4669-45F2-AC2C-88E775CB8E95}.Debug|Any CPU.Build.0 = Debug|Any CPU
		{E5D6B65D-4669-45F2-AC2C-88E775CB8E95}.Release|Any CPU.ActiveCfg = Release|Any CPU
		{E5D6B65D-4669-45F2-AC2C-88E775CB8E95}.Release|Any CPU.Build.0 = Release|Any CPU
		{C482AF5E-B6D0-4AC4-B138-B41E9C9DC206}.Debug|Any CPU.ActiveCfg = Debug|Any CPU
		{C482AF5E-B6D0-4AC4-B138-B41E9C9DC206}.Debug|Any CPU.Build.0 = Debug|Any CPU
		{C482AF5E-B6D0-4AC4-B138-B41E9C9DC206}.Release|Any CPU.ActiveCfg = Release|Any CPU
		{C482AF5E-B6D0-4AC4-B138-B41E9C9DC206}.Release|Any CPU.Build.0 = Release|Any CPU
		{EB9D44E5-1E77-4F34-92A5-49EB54641870}.Debug|Any CPU.ActiveCfg = Debug|Any CPU
		{EB9D44E5-1E77-4F34-92A5-49EB54641870}.Debug|Any CPU.Build.0 = Debug|Any CPU
		{EB9D44E5-1E77-4F34-92A5-49EB54641870}.Release|Any CPU.ActiveCfg = Release|Any CPU
		{EB9D44E5-1E77-4F34-92A5-49EB54641870}.Release|Any CPU.Build.0 = Release|Any CPU
		{1FD3A50A-29DB-461D-872E-6C9EC83AC2D3}.Debug|Any CPU.ActiveCfg = Debug|Any CPU
		{1FD3A50A-29DB-461D-872E-6C9EC83AC2D3}.Debug|Any CPU.Build.0 = Debug|Any CPU
		{1FD3A50A-29DB-461D-872E-6C9EC83AC2D3}.Release|Any CPU.ActiveCfg = Release|Any CPU
		{1FD3A50A-29DB-461D-872E-6C9EC83AC2D3}.Release|Any CPU.Build.0 = Release|Any CPU
		{6091FAC2-9F2E-48B2-9DF8-F12A0573C5CF}.Debug|Any CPU.ActiveCfg = Debug|Any CPU
		{6091FAC2-9F2E-48B2-9DF8-F12A0573C5CF}.Debug|Any CPU.Build.0 = Debug|Any CPU
		{6091FAC2-9F2E-48B2-9DF8-F12A0573C5CF}.Release|Any CPU.ActiveCfg = Release|Any CPU
		{6091FAC2-9F2E-48B2-9DF8-F12A0573C5CF}.Release|Any CPU.Build.0 = Release|Any CPU
		{47A82A30-7C79-4536-98BD-0383A4A57BDB}.Debug|Any CPU.ActiveCfg = Debug|Any CPU
		{47A82A30-7C79-4536-98BD-0383A4A57BDB}.Debug|Any CPU.Build.0 = Debug|Any CPU
		{47A82A30-7C79-4536-98BD-0383A4A57BDB}.Release|Any CPU.ActiveCfg = Release|Any CPU
		{47A82A30-7C79-4536-98BD-0383A4A57BDB}.Release|Any CPU.Build.0 = Release|Any CPU
		{65A58648-B4A7-4BBD-9D93-0CBAA862A990}.Debug|Any CPU.ActiveCfg = Debug|Any CPU
		{65A58648-B4A7-4BBD-9D93-0CBAA862A990}.Debug|Any CPU.Build.0 = Debug|Any CPU
		{65A58648-B4A7-4BBD-9D93-0CBAA862A990}.Release|Any CPU.ActiveCfg = Release|Any CPU
		{65A58648-B4A7-4BBD-9D93-0CBAA862A990}.Release|Any CPU.Build.0 = Release|Any CPU
		{E7DC1D1F-3FCA-4992-9250-58B9878D4880}.Debug|Any CPU.ActiveCfg = Debug|Any CPU
		{E7DC1D1F-3FCA-4992-9250-58B9878D4880}.Debug|Any CPU.Build.0 = Debug|Any CPU
		{E7DC1D1F-3FCA-4992-9250-58B9878D4880}.Release|Any CPU.ActiveCfg = Release|Any CPU
		{E7DC1D1F-3FCA-4992-9250-58B9878D4880}.Release|Any CPU.Build.0 = Release|Any CPU
		{1861DD52-758B-481A-8087-50404B711E21}.Debug|Any CPU.ActiveCfg = Debug|Any CPU
		{1861DD52-758B-481A-8087-50404B711E21}.Debug|Any CPU.Build.0 = Debug|Any CPU
		{1861DD52-758B-481A-8087-50404B711E21}.Release|Any CPU.ActiveCfg = Release|Any CPU
		{1861DD52-758B-481A-8087-50404B711E21}.Release|Any CPU.Build.0 = Release|Any CPU
		{75537D25-D75B-404F-8CCF-70A7CC855C8D}.Debug|Any CPU.ActiveCfg = Debug|Any CPU
		{75537D25-D75B-404F-8CCF-70A7CC855C8D}.Debug|Any CPU.Build.0 = Debug|Any CPU
		{75537D25-D75B-404F-8CCF-70A7CC855C8D}.Release|Any CPU.ActiveCfg = Release|Any CPU
		{75537D25-D75B-404F-8CCF-70A7CC855C8D}.Release|Any CPU.Build.0 = Release|Any CPU
		{AC739778-A387-4BC9-BE7F-FD58B0DD0208}.Debug|Any CPU.ActiveCfg = Debug|Any CPU
		{AC739778-A387-4BC9-BE7F-FD58B0DD0208}.Debug|Any CPU.Build.0 = Debug|Any CPU
		{AC739778-A387-4BC9-BE7F-FD58B0DD0208}.Release|Any CPU.ActiveCfg = Release|Any CPU
		{AC739778-A387-4BC9-BE7F-FD58B0DD0208}.Release|Any CPU.Build.0 = Release|Any CPU
	EndGlobalSection
	GlobalSection(SolutionProperties) = preSolution
		HideSolutionNode = FALSE
	EndGlobalSection
	GlobalSection(ExtensibilityGlobals) = postSolution
		SolutionGuid = {4DD144CB-234A-4E44-A318-29A375EB8E5E}
	EndGlobalSection
EndGlobal
